
Microsoft Visual Studio Solution File, Format Version 10.00
# Visual C# Express 2008
Project("{FAE04EC0-301F-11D3-BF4B-00C04F79EFBC}") = "GetAssemblyInfo", "GetAssemblyInfo.csproj", "{23511E42-AF04-4D0B-917F-D64F51C3B388}"
EndProject
Global
	GlobalSection(SolutionConfigurationPlatforms) = preSolution
		Debug|Any CPU = Debug|Any CPU
		Release|Any CPU = Release|Any CPU
	EndGlobalSection
	GlobalSection(ProjectConfigurationPlatforms) = postSolution
		{23511E42-AF04-4D0B-917F-D64F51C3B388}.Debug|Any CPU.ActiveCfg = Debug|Any CPU
		{23511E42-AF04-4D0B-917F-D64F51C3B388}.Debug|Any CPU.Build.0 = Debug|Any CPU
		{23511E42-AF04-4D0B-917F-D64F51C3B388}.Release|Any CPU.ActiveCfg = Release|Any CPU
		{23511E42-AF04-4D0B-917F-D64F51C3B388}.Release|Any CPU.Build.0 = Release|Any CPU
	EndGlobalSection
	GlobalSection(SolutionProperties) = preSolution
		HideSolutionNode = FALSE
	EndGlobalSection
EndGlobal
